{
  "name": "WayleaveManagementSystem",
  "lockfileVersion": 2,
  "requires": true,
  "packages": {
    "": {
      "dependencies": {
        "@arcgis/core": "^4.25.5",
        "@ngx-translate/core": "^14.0.0",
        "arcgis-js-api": "^4.25.5",
        "esri-leaflet": "^3.0.10",
        "ngx-device-detector": "^5.0.1"
      },
      "devDependencies": {
        "@types/arcgis-js-api": "^4.25.0"
      },
      "devDependencies": {
        "@boldreports/angular-reporting-components": "^4.2.80",
        "@boldreports/types": "^4.2.80"
      }
    },
    "node_modules/@a11y/focus-trap": {
      "version": "1.0.5",
      "resolved": "https://registry.npmjs.org/@a11y/focus-trap/-/focus-trap-1.0.5.tgz",
      "integrity": "sha512-3JOd6g+BALysWS8LNf0qdB8ltR651H/RCLAvUmfS0LIHwHO579XfjZUIZbURYiAZrcbp1CBAq4QZ2YwKNQZ1hw=="
    },
    "node_modules/@angular/common": {
      "version": "15.1.2",
      "resolved": "https://registry.npmjs.org/@angular/common/-/common-15.1.2.tgz",
      "integrity": "sha512-1Ra6EoaZjPcdDsGBge3qSajO1ECYceX+2EWHdjvJ9ZEIaXsLNFMQBUMgJnjsnrojs9Gd3bxJ0WHkahij5/8WNA==",
      "peer": true,
      "dependencies": {
        "tslib": "^2.3.0"
      },
      "engines": {
        "node": "^14.20.0 || ^16.13.0 || >=18.10.0"
      },
      "peerDependencies": {
        "@angular/core": "15.1.2",
        "rxjs": "^6.5.3 || ^7.4.0"
      }
    },
    "node_modules/@angular/core": {
      "version": "15.1.2",
      "resolved": "https://registry.npmjs.org/@angular/core/-/core-15.1.2.tgz",
      "integrity": "sha512-K9pz6Bq6RuY/OWhKLZT1JQvk4orvU9wozgXY8cZaOGmNCQQ7sJv5zGkO5csO6o1ON1v/AHowrP/FAF1i8tml5g==",
      "peer": true,
      "dependencies": {
        "tslib": "^2.3.0"
      },
      "engines": {
        "node": "^14.20.0 || ^16.13.0 || >=18.10.0"
      },
      "peerDependencies": {
        "rxjs": "^6.5.3 || ^7.4.0",
        "zone.js": "~0.11.4 || ~0.12.0"
      }
    },
    "node_modules/@arcgis/core": {
      "version": "4.25.5",
      "resolved": "https://registry.npmjs.org/@arcgis/core/-/core-4.25.5.tgz",
      "integrity": "sha512-c4KgUeXLn11wHoorR4/6UmYxg/sYEJolbWqpio82yCLE0gPBGdXAOSZEgnQ6IuGdjiEU3AJyZg3r16aN80itKQ==",
      "dependencies": {
        "@esri/arcgis-html-sanitizer": "~3.0.1",
        "@esri/calcite-colors": "~6.0.1",
        "@esri/calcite-components": "1.0.0-beta.97",
        "@popperjs/core": "~2.11.6",
        "focus-trap": "~7.0.0",
        "luxon": "~3.0.4",
        "sortablejs": "~1.15.0"
      }
    },
    "node_modules/@boldreports/angular-reporting-components": {
      "version": "4.2.80",
      "resolved": "https://registry.npmjs.org/@boldreports/angular-reporting-components/-/angular-reporting-components-4.2.80.tgz",
      "integrity": "sha512-8U8T76D3vsi1zH/P7U9MuKldrgP/6dEH3mxGdi6PzMMBNjQu+u+te7JpmPZ2mi9+DTJNwgLnOUQasyITXDIoGg==",
      "dev": true,
      "dependencies": {
        "@boldreports/javascript-reporting-controls": "4.2.80"
      }
    },
    "node_modules/@boldreports/global": {
      "version": "4.2.80",
      "resolved": "https://registry.npmjs.org/@boldreports/global/-/global-4.2.80.tgz",
      "integrity": "sha512-zbK/EQyjRG+rY3gVk9+Iq3mYEXq8+Z4M9fXXDQ42FWWMT6QjGTds/U9/kDZ0gWRfpGxHAxXvTv8yrK6b9MQ4ew==",
      "dev": true
    },
    "node_modules/@boldreports/javascript-reporting-controls": {
      "version": "4.2.80",
      "resolved": "https://registry.npmjs.org/@boldreports/javascript-reporting-controls/-/javascript-reporting-controls-4.2.80.tgz",
      "integrity": "sha512-gc/aqVlbNkCAPbPd+lJJWXvPekAPRjlhn4ABrwW7IksUF0XJ2N5xfoVHE+0diS0WVjwRTxb98s1kJAxKdWlQRw==",
      "dev": true,
      "dependencies": {
        "@boldreports/global": "4.2.80",
        "jquery": "*",
        "jquery-validation": "*",
        "jsrender": "*"
      }
    },
    "node_modules/@boldreports/types": {
      "version": "4.2.80",
      "resolved": "https://registry.npmjs.org/@boldreports/types/-/types-4.2.80.tgz",
      "integrity": "sha512-ntjyk5YqnJiDgF3HsezWwIyAHmIt7hUnHwpmWrAR1hECnfUWquNNsbSeSNHMSjV7m2/Pblnv94+h4GcSsQxZaw==",
      "dev": true,
      "dependencies": {
        "@types/jquery": "*"
      }
    },
    "node_modules/@esri/arcgis-html-sanitizer": {
      "version": "3.0.1",
      "resolved": "https://registry.npmjs.org/@esri/arcgis-html-sanitizer/-/arcgis-html-sanitizer-3.0.1.tgz",
      "integrity": "sha512-cwZJwsYCJZwtBQU2AmaiIVFg5nZcVwInPYja1/OgC9iKYO+ytZRoc5h+0S9/ygbFNoS8Nd0RX9A85stLX/BgiA==",
      "dependencies": {
        "xss": "1.0.13"
      }
    },
    "node_modules/@esri/calcite-colors": {
      "version": "6.0.1",
      "resolved": "https://registry.npmjs.org/@esri/calcite-colors/-/calcite-colors-6.0.1.tgz",
      "integrity": "sha512-iGUIIpeMCJSTDGw4ZsxLwwxkml0QzOUJTtysjRryGbhSt183NEtwWKS+yQO19utXQz5LbQWjoav6x6CsawElkw=="
    },
    "node_modules/@esri/calcite-components": {
      "version": "1.0.0-beta.97",
      "resolved": "https://registry.npmjs.org/@esri/calcite-components/-/calcite-components-1.0.0-beta.97.tgz",
      "integrity": "sha512-pvuOQI01DCIr6kS+Jof/b5kLWRaDlYZStP8QUB5r4FYofHHST25iKlOS6525WD4S9xejthfb8S1PehTeMn5Wxg==",
      "dependencies": {
        "@a11y/focus-trap": "1.0.5",
        "@floating-ui/dom": "1.0.3",
        "@stencil/core": "2.18.1",
        "@types/color": "3.0.3",
        "color": "4.2.3",
        "form-request-submit-polyfill": "2.0.0",
        "lodash-es": "4.17.21",
        "sortablejs": "1.15.0"
      }
    },
    "node_modules/@floating-ui/core": {
      "version": "1.1.1",
      "resolved": "https://registry.npmjs.org/@floating-ui/core/-/core-1.1.1.tgz",
      "integrity": "sha512-PL7g3dhA4dHgZfujkuD8Q+tfJJynEtnNQSPzmucCnxMvkxf4cLBJw/ZYqZUn4HCh33U3WHrAfv2R2tbi9UCSmw=="
    },
    "node_modules/@floating-ui/dom": {
      "version": "1.0.3",
      "resolved": "https://registry.npmjs.org/@floating-ui/dom/-/dom-1.0.3.tgz",
      "integrity": "sha512-6H1kwjkOZKabApNtXRiYHvMmYJToJ1DV7rQ3xc/WJpOABhQIOJJOdz2AOejj8X+gcybaFmBpisVTZxBZAM3V0w==",
      "dependencies": {
        "@floating-ui/core": "^1.0.1"
      }
    },
    "node_modules/@ngx-translate/core": {
      "version": "14.0.0",
      "resolved": "https://registry.npmjs.org/@ngx-translate/core/-/core-14.0.0.tgz",
      "integrity": "sha512-UevdwNCXMRCdJv//0kC8h2eSfmi02r29xeE8E9gJ1Al4D4jEJ7eiLPdjslTMc21oJNGguqqWeEVjf64SFtvw2w==",
      "dependencies": {
        "tslib": "^2.3.0"
      },
      "peerDependencies": {
        "@angular/core": ">=13.0.0",
        "rxjs": "^6.5.3 || ^7.4.0"
      }
    },
    "node_modules/@popperjs/core": {
      "version": "2.11.6",
      "resolved": "https://registry.npmjs.org/@popperjs/core/-/core-2.11.6.tgz",
      "integrity": "sha512-50/17A98tWUfQ176raKiOGXuYpLyyVMkxxG6oylzL3BPOlA6ADGdK7EYunSa4I064xerltq9TGXs8HmOk5E+vw==",
      "funding": {
        "type": "opencollective",
        "url": "https://opencollective.com/popperjs"
      }
    },
    "node_modules/@stencil/core": {
      "version": "2.18.1",
      "resolved": "https://registry.npmjs.org/@stencil/core/-/core-2.18.1.tgz",
      "integrity": "sha512-/fXkh1lwZ+X9JQCw50mPjhBogzEHOBvVC5pLoDLZqodVYK0DGWILM2YLV4dcIUBNEK8/HMDpO/Rq81/rS3mNOw==",
      "bin": {
        "stencil": "bin/stencil"
      },
      "engines": {
        "node": ">=12.10.0",
        "npm": ">=6.0.0"
      }
    },
    "node_modules/@terraformer/arcgis": {
      "version": "2.1.2",
      "resolved": "https://registry.npmjs.org/@terraformer/arcgis/-/arcgis-2.1.2.tgz",
      "integrity": "sha512-IvdfqehcNAUtKU1OFMKwPT8EvdKlVFZ7q7ZKzkIF8XzYZIVsZLuXuOS1UBdRh5u/o+X5Gax7jiZhD8U/4TV+Jw==",
      "dependencies": {
        "@terraformer/common": "^2.1.2"
      }
    },
    "node_modules/@terraformer/common": {
      "version": "2.1.2",
      "resolved": "https://registry.npmjs.org/@terraformer/common/-/common-2.1.2.tgz",
      "integrity": "sha512-cwPdTFzIpekZhZRrgDEkqLKNPoqbyCBQHiemaovnGIeUx0Pl336MY/eCxzJ5zXkrQLVo9zPalq/vYW5HnyKevQ=="
    },
    "node_modules/@types/arcgis-js-api": {
      "version": "4.25.0",
      "resolved": "https://registry.npmjs.org/@types/arcgis-js-api/-/arcgis-js-api-4.25.0.tgz",
      "integrity": "sha512-bXm03oiGgT0GSqK3CN59Qr2v7lJlsDrwr6NuvM6oWk9gBN10YF6xB3fGvSuqOpgSMVPj7P3FQQToE5qswv2Veg==",
      "dev": true
    },
    "node_modules/@types/color": {
      "version": "3.0.3",
      "resolved": "https://registry.npmjs.org/@types/color/-/color-3.0.3.tgz",
      "integrity": "sha512-X//qzJ3d3Zj82J9sC/C18ZY5f43utPbAJ6PhYt/M7uG6etcF6MRpKdN880KBy43B0BMzSfeT96MzrsNjFI3GbA==",
      "dependencies": {
        "@types/color-convert": "*"
      }
    },
    "node_modules/@types/color-convert": {
      "version": "2.0.0",
      "resolved": "https://registry.npmjs.org/@types/color-convert/-/color-convert-2.0.0.tgz",
      "integrity": "sha512-m7GG7IKKGuJUXvkZ1qqG3ChccdIM/qBBo913z+Xft0nKCX4hAU/IxKwZBU4cpRZ7GS5kV4vOblUkILtSShCPXQ==",
      "dependencies": {
        "@types/color-name": "*"
      }
    },
    "node_modules/@types/color-name": {
      "version": "1.1.1",
      "resolved": "https://registry.npmjs.org/@types/color-name/-/color-name-1.1.1.tgz",
      "integrity": "sha512-rr+OQyAjxze7GgWrSaJwydHStIhHq2lvY3BOC2Mj7KnzI7XK0Uw1TOOdI9lDoajEbSWLiYgoo4f1R51erQfhPQ=="
    },
    "node_modules/@types/jquery": {
      "version": "3.5.16",
      "resolved": "https://registry.npmjs.org/@types/jquery/-/jquery-3.5.16.tgz",
      "integrity": "sha512-bsI7y4ZgeMkmpG9OM710RRzDFp+w4P1RGiIt30C1mSBT+ExCleeh4HObwgArnDFELmRrOpXgSYN9VF1hj+f1lw==",
      "dev": true,
      "dependencies": {
        "@types/sizzle": "*"
      }
    },
    "node_modules/@types/sizzle": {
      "version": "2.3.3",
      "resolved": "https://registry.npmjs.org/@types/sizzle/-/sizzle-2.3.3.tgz",
      "integrity": "sha512-JYM8x9EGF163bEyhdJBpR2QX1R5naCJHC8ucJylJ3w9/CVBaskdQ8WqBf8MmQrd1kRvp/a4TS8HJ+bxzR7ZJYQ==",
      "dev": true
    },
    "node_modules/arcgis-js-api": {
      "version": "4.25.5",
      "resolved": "https://registry.npmjs.org/arcgis-js-api/-/arcgis-js-api-4.25.5.tgz",
      "integrity": "sha512-l+pgTzjYFEywhjalknC/7Dd4WxSchc6JDQsepyoTF29A5s+tr4DFbvDXl7AdNpbRj+mQYaMyO2hd0ijG5+qfDw=="
    },
    "node_modules/color": {
      "version": "4.2.3",
      "resolved": "https://registry.npmjs.org/color/-/color-4.2.3.tgz",
      "integrity": "sha512-1rXeuUUiGGrykh+CeBdu5Ie7OJwinCgQY0bc7GCRxy5xVHy+moaqkpL/jqQq0MtQOeYcrqEz4abc5f0KtU7W4A==",
      "dependencies": {
        "color-convert": "^2.0.1",
        "color-string": "^1.9.0"
      },
      "engines": {
        "node": ">=12.5.0"
      }
    },
    "node_modules/color-convert": {
      "version": "2.0.1",
      "resolved": "https://registry.npmjs.org/color-convert/-/color-convert-2.0.1.tgz",
      "integrity": "sha512-RRECPsj7iu/xb5oKYcsFHSppFNnsj/52OVTRKb4zP5onXwVF3zVmmToNcOfGC+CRDpfK/U584fMg38ZHCaElKQ==",
      "dependencies": {
        "color-name": "~1.1.4"
      },
      "engines": {
        "node": ">=7.0.0"
      }
    },
    "node_modules/color-name": {
      "version": "1.1.4",
      "resolved": "https://registry.npmjs.org/color-name/-/color-name-1.1.4.tgz",
      "integrity": "sha512-dOy+3AuW3a2wNbZHIuMZpTcgjGuLU/uBL/ubcZF9OXbDo8ff4O8yVp5Bf0efS8uEoYo5q4Fx7dY9OgQGXgAsQA=="
    },
    "node_modules/color-string": {
      "version": "1.9.1",
      "resolved": "https://registry.npmjs.org/color-string/-/color-string-1.9.1.tgz",
      "integrity": "sha512-shrVawQFojnZv6xM40anx4CkoDP+fZsw/ZerEMsW/pyzsRbElpsL/DBVW7q3ExxwusdNXI3lXpuhEZkzs8p5Eg==",
      "dependencies": {
        "color-name": "^1.0.0",
        "simple-swizzle": "^0.2.2"
      }
    },
    "node_modules/commander": {
      "version": "2.20.3",
      "resolved": "https://registry.npmjs.org/commander/-/commander-2.20.3.tgz",
      "integrity": "sha512-GpVkmM8vF2vQUkj2LvZmD35JxeJOLCwJ9cUkugyk2nuhbv3+mJvpLYYt+0+USMxE+oj+ey/lJEnhZw75x/OMcQ=="
    },
    "node_modules/cssfilter": {
      "version": "0.0.10",
      "resolved": "https://registry.npmjs.org/cssfilter/-/cssfilter-0.0.10.tgz",
      "integrity": "sha512-FAaLDaplstoRsDR8XGYH51znUN0UY7nMc6Z9/fvE8EXGwvJE9hu7W2vHwx1+bd6gCYnln9nLbzxFTrcO9YQDZw=="
    },
    "node_modules/esri-leaflet": {
      "version": "3.0.10",
      "resolved": "https://registry.npmjs.org/esri-leaflet/-/esri-leaflet-3.0.10.tgz",
      "integrity": "sha512-2ma+mMHrJA7oqJFHZDLZrCAMkaXTdFFJRsJqlsh3Z2G+nXKj2SrlzJ2YmN5qgnI9y/X5AkcSfxViBoQTX9rcSw==",
      "dependencies": {
        "@terraformer/arcgis": "^2.1.0",
        "tiny-binary-search": "^1.0.3"
      },
      "peerDependencies": {
        "leaflet": "^1.0.0"
      }
    },
    "node_modules/focus-trap": {
      "version": "7.0.0",
      "resolved": "https://registry.npmjs.org/focus-trap/-/focus-trap-7.0.0.tgz",
      "integrity": "sha512-uT4Bl8TwU+5vVAx/DHil/1eVS54k9unqhK/vGy2KSh7esPmqgC0koAB9J2sJ+vtj8+vmiFyGk2unLkhNLQaxoA==",
      "dependencies": {
        "tabbable": "^6.0.0"
      }
    },
    "node_modules/form-request-submit-polyfill": {
      "version": "2.0.0",
      "resolved": "https://registry.npmjs.org/form-request-submit-polyfill/-/form-request-submit-polyfill-2.0.0.tgz",
      "integrity": "sha512-p0+M92y2gFnP0AuuL8VJ0GYVzAT0bYp3GsSkmPFhvUopdnfDLP/9xplQTBBc4w8qOjKRzdK7GaFcdL9IhlXdTQ=="
    },
    "node_modules/inherits": {
      "version": "2.0.4",
      "resolved": "https://registry.npmjs.org/inherits/-/inherits-2.0.4.tgz",
      "integrity": "sha512-k/vGaX4/Yla3WzyMCvTQOXYeIHvqOKtnqBduzTHpzpQZzAskKMhZ2K+EnBiSM9zGSoIFeMpXKxa4dYeZIQqewQ==",
      "dev": true
    },
    "node_modules/is-arrayish": {
      "version": "0.3.2",
      "resolved": "https://registry.npmjs.org/is-arrayish/-/is-arrayish-0.3.2.tgz",
      "integrity": "sha512-eVRqCvVlZbuw3GrM63ovNSNAeA1K16kaR/LRY/92w0zxQ5/1YzwblUX652i4Xs9RwAGjW9d9y6X88t8OaAJfWQ=="
    },
    "node_modules/jquery": {
      "version": "3.6.3",
      "resolved": "https://registry.npmjs.org/jquery/-/jquery-3.6.3.tgz",
      "integrity": "sha512-bZ5Sy3YzKo9Fyc8wH2iIQK4JImJ6R0GWI9kL1/k7Z91ZBNgkRXE6U0JfHIizZbort8ZunhSI3jw9I6253ahKfg==",
      "dev": true
    },
    "node_modules/jquery-validation": {
      "version": "1.19.5",
      "resolved": "https://registry.npmjs.org/jquery-validation/-/jquery-validation-1.19.5.tgz",
      "integrity": "sha512-X2SmnPq1mRiDecVYL8edWx+yTBZDyC8ohWXFhXdtqFHgU9Wd4KHkvcbCoIZ0JaSaumzS8s2gXSkP8F7ivg/8ZQ==",
      "dev": true,
      "peerDependencies": {
        "jquery": "^1.7 || ^2.0 || ^3.1"
      }
    },
    "node_modules/jsrender": {
      "version": "1.0.12",
      "resolved": "https://registry.npmjs.org/jsrender/-/jsrender-1.0.12.tgz",
      "integrity": "sha512-YQ52tFsEglJTVJOqk/bYVc+aat0wQ2STsYpF7SD2CYHO4XekXRyjUvOVsZYQxqQl7n34v33l7t60WRsmSFaoiw==",
      "dev": true,
      "dependencies": {
        "through2": "^3.0.1"
      }
    },
    "node_modules/leaflet": {
      "version": "1.9.3",
      "resolved": "https://registry.npmjs.org/leaflet/-/leaflet-1.9.3.tgz",
      "integrity": "sha512-iB2cR9vAkDOu5l3HAay2obcUHZ7xwUBBjph8+PGtmW/2lYhbLizWtG7nTeYht36WfOslixQF9D/uSIzhZgGMfQ==",
      "peer": true
    },
    "node_modules/lodash-es": {
      "version": "4.17.21",
      "resolved": "https://registry.npmjs.org/lodash-es/-/lodash-es-4.17.21.tgz",
      "integrity": "sha512-mKnC+QJ9pWVzv+C4/U3rRsHapFfHvQFoFB92e52xeyGMcX6/OlIl78je1u8vePzYZSkkogMPJ2yjxxsb89cxyw=="
    },
    "node_modules/luxon": {
      "version": "3.0.4",
      "resolved": "https://registry.npmjs.org/luxon/-/luxon-3.0.4.tgz",
      "integrity": "sha512-aV48rGUwP/Vydn8HT+5cdr26YYQiUZ42NM6ToMoaGKwYfWbfLeRkEu1wXWMHBZT6+KyLfcbbtVcoQFCbbPjKlw==",
      "engines": {
        "node": ">=12"
      }
    },
    "node_modules/ngx-device-detector": {
      "version": "5.0.1",
      "resolved": "https://registry.npmjs.org/ngx-device-detector/-/ngx-device-detector-5.0.1.tgz",
      "integrity": "sha512-hVKaGzyXzy6zeliYyN7runz3eOOsh3tmZ8A6P5MSpHIjVjSx3pUJcobFTKNyHGn/zGS4JFWuhSSb7QmNwmqK9w==",
      "dependencies": {
        "tslib": "^2.0.0"
      },
      "peerDependencies": {
        "@angular/common": "^15.0.0",
        "@angular/core": "^15.0.0"
      }
    },
    "node_modules/readable-stream": {
      "version": "3.6.1",
      "resolved": "https://registry.npmjs.org/readable-stream/-/readable-stream-3.6.1.tgz",
      "integrity": "sha512-+rQmrWMYGA90yenhTYsLWAsLsqVC8osOw6PKE1HDYiO0gdPeKe/xDHNzIAIn4C91YQ6oenEhfYqqc1883qHbjQ==",
      "dev": true,
      "dependencies": {
        "inherits": "^2.0.3",
        "string_decoder": "^1.1.1",
        "util-deprecate": "^1.0.1"
      },
      "engines": {
        "node": ">= 6"
      }
    },
    "node_modules/rxjs": {
      "version": "7.8.0",
      "resolved": "https://registry.npmjs.org/rxjs/-/rxjs-7.8.0.tgz",
      "integrity": "sha512-F2+gxDshqmIub1KdvZkaEfGDwLNpPvk9Fs6LD/MyQxNgMds/WH9OdDDXOmxUZpME+iSK3rQCctkL0DYyytUqMg==",
      "peer": true,
      "dependencies": {
        "tslib": "^2.1.0"
      }
    },
    "node_modules/safe-buffer": {
      "version": "5.2.1",
      "resolved": "https://registry.npmjs.org/safe-buffer/-/safe-buffer-5.2.1.tgz",
      "integrity": "sha512-rp3So07KcdmmKbGvgaNxQSJr7bGVSVk5S9Eq1F+ppbRo70+YeaDxkw5Dd8NPN+GD6bjnYm2VuPuCXmpuYvmCXQ==",
      "dev": true,
      "funding": [
        {
          "type": "github",
          "url": "https://github.com/sponsors/feross"
        },
        {
          "type": "patreon",
          "url": "https://www.patreon.com/feross"
        },
        {
          "type": "consulting",
          "url": "https://feross.org/support"
        }
      ]
    },
    "node_modules/simple-swizzle": {
      "version": "0.2.2",
      "resolved": "https://registry.npmjs.org/simple-swizzle/-/simple-swizzle-0.2.2.tgz",
      "integrity": "sha512-JA//kQgZtbuY83m+xT+tXJkmJncGMTFT+C+g2h2R9uxkYIrE2yy9sgmcLhCnw57/WSD+Eh3J97FPEDFnbXnDUg==",
      "dependencies": {
        "is-arrayish": "^0.3.1"
      }
    },
    "node_modules/sortablejs": {
      "version": "1.15.0",
      "resolved": "https://registry.npmjs.org/sortablejs/-/sortablejs-1.15.0.tgz",
      "integrity": "sha512-bv9qgVMjUMf89wAvM6AxVvS/4MX3sPeN0+agqShejLU5z5GX4C75ow1O2e5k4L6XItUyAK3gH6AxSbXrOM5e8w=="
    },
    "node_modules/string_decoder": {
      "version": "1.3.0",
      "resolved": "https://registry.npmjs.org/string_decoder/-/string_decoder-1.3.0.tgz",
      "integrity": "sha512-hkRX8U1WjJFd8LsDJ2yQ/wWWxaopEsABU1XfkM8A+j0+85JAGppt16cr1Whg6KIbb4okU6Mql6BOj+uup/wKeA==",
      "dev": true,
      "dependencies": {
        "safe-buffer": "~5.2.0"
      }
    },
    "node_modules/tabbable": {
      "version": "6.0.1",
      "resolved": "https://registry.npmjs.org/tabbable/-/tabbable-6.0.1.tgz",
      "integrity": "sha512-SYJSIgeyXW7EuX1ytdneO5e8jip42oHWg9xl/o3oTYhmXusZVgiA+VlPvjIN+kHii9v90AmzTZEBcsEvuAY+TA=="
    },
    "node_modules/through2": {
      "version": "3.0.2",
      "resolved": "https://registry.npmjs.org/through2/-/through2-3.0.2.tgz",
      "integrity": "sha512-enaDQ4MUyP2W6ZyT6EsMzqBPZaM/avg8iuo+l2d3QCs0J+6RaqkHV/2/lOwDTueBHeJ/2LG9lrLW3d5rWPucuQ==",
      "dev": true,
      "dependencies": {
        "inherits": "^2.0.4",
        "readable-stream": "2 || 3"
      }
    },
    "node_modules/tiny-binary-search": {
      "version": "1.0.3",
      "resolved": "https://registry.npmjs.org/tiny-binary-search/-/tiny-binary-search-1.0.3.tgz",
      "integrity": "sha512-STSHX/L5nI9WTLv6wrzJbAPbO7OIISX83KFBh2GVbX1Uz/vgZOU/ANn/8iV6t35yMTpoPzzO+3OQid3mifE0CA=="
    },
    "node_modules/tslib": {
      "version": "2.5.0",
      "resolved": "https://registry.npmjs.org/tslib/-/tslib-2.5.0.tgz",
      "integrity": "sha512-336iVw3rtn2BUK7ORdIAHTyxHGRIHVReokCR3XjbckJMK7ms8FysBfhLR8IXnAgy7T0PTPNBWKiH514FOW/WSg=="
    },
    "node_modules/util-deprecate": {
      "version": "1.0.2",
      "resolved": "https://registry.npmjs.org/util-deprecate/-/util-deprecate-1.0.2.tgz",
      "integrity": "sha512-EPD5q1uXyFxJpCrLnCc1nHnq3gOa6DZBocAIiI2TaSCA7VCJ1UJDMagCzIkXNsUYfD1daK//LTEQ8xiIbrHtcw==",
      "dev": true
    },
    "node_modules/xss": {
      "version": "1.0.13",
      "resolved": "https://registry.npmjs.org/xss/-/xss-1.0.13.tgz",
      "integrity": "sha512-clu7dxTm1e8Mo5fz3n/oW3UCXBfV89xZ72jM8yzo1vR/pIS0w3sgB3XV2H8Vm6zfGnHL0FzvLJPJEBhd86/z4Q==",
      "dependencies": {
        "commander": "^2.20.3",
        "cssfilter": "0.0.10"
      },
      "bin": {
        "xss": "bin/xss"
      },
      "engines": {
        "node": ">= 0.10.0"
      }
    },
    "node_modules/zone.js": {
      "version": "0.12.0",
      "resolved": "https://registry.npmjs.org/zone.js/-/zone.js-0.12.0.tgz",
      "integrity": "sha512-XtC+I5dXU14HrzidAKBNMqneIVUykLEAA1x+v4KVrd6AUPWlwYORF8KgsVqvgdHiKZ4BkxxjvYi/ksEixTPR0Q==",
      "peer": true,
      "dependencies": {
        "tslib": "^2.3.0"
      }
    }
  },
  "dependencies": {
    "@a11y/focus-trap": {
      "version": "1.0.5",
      "resolved": "https://registry.npmjs.org/@a11y/focus-trap/-/focus-trap-1.0.5.tgz",
      "integrity": "sha512-3JOd6g+BALysWS8LNf0qdB8ltR651H/RCLAvUmfS0LIHwHO579XfjZUIZbURYiAZrcbp1CBAq4QZ2YwKNQZ1hw=="
    },
    "@angular/common": {
      "version": "15.1.2",
      "resolved": "https://registry.npmjs.org/@angular/common/-/common-15.1.2.tgz",
      "integrity": "sha512-1Ra6EoaZjPcdDsGBge3qSajO1ECYceX+2EWHdjvJ9ZEIaXsLNFMQBUMgJnjsnrojs9Gd3bxJ0WHkahij5/8WNA==",
      "peer": true,
      "requires": {
        "tslib": "^2.3.0"
      }
    },
    "@angular/core": {
      "version": "15.1.2",
      "resolved": "https://registry.npmjs.org/@angular/core/-/core-15.1.2.tgz",
      "integrity": "sha512-K9pz6Bq6RuY/OWhKLZT1JQvk4orvU9wozgXY8cZaOGmNCQQ7sJv5zGkO5csO6o1ON1v/AHowrP/FAF1i8tml5g==",
      "peer": true,
      "requires": {
        "tslib": "^2.3.0"
      }
    },
    "@arcgis/core": {
      "version": "4.25.5",
      "resolved": "https://registry.npmjs.org/@arcgis/core/-/core-4.25.5.tgz",
      "integrity": "sha512-c4KgUeXLn11wHoorR4/6UmYxg/sYEJolbWqpio82yCLE0gPBGdXAOSZEgnQ6IuGdjiEU3AJyZg3r16aN80itKQ==",
      "requires": {
        "@esri/arcgis-html-sanitizer": "~3.0.1",
        "@esri/calcite-colors": "~6.0.1",
        "@esri/calcite-components": "1.0.0-beta.97",
        "@popperjs/core": "~2.11.6",
        "focus-trap": "~7.0.0",
        "luxon": "~3.0.4",
        "sortablejs": "~1.15.0"
      }
    },
    "@boldreports/angular-reporting-components": {
      "version": "4.2.80",
      "resolved": "https://registry.npmjs.org/@boldreports/angular-reporting-components/-/angular-reporting-components-4.2.80.tgz",
      "integrity": "sha512-8U8T76D3vsi1zH/P7U9MuKldrgP/6dEH3mxGdi6PzMMBNjQu+u+te7JpmPZ2mi9+DTJNwgLnOUQasyITXDIoGg==",
      "dev": true,
      "requires": {
        "@boldreports/javascript-reporting-controls": "4.2.80"
      }
    },
    "@boldreports/global": {
      "version": "4.2.80",
      "resolved": "https://registry.npmjs.org/@boldreports/global/-/global-4.2.80.tgz",
      "integrity": "sha512-zbK/EQyjRG+rY3gVk9+Iq3mYEXq8+Z4M9fXXDQ42FWWMT6QjGTds/U9/kDZ0gWRfpGxHAxXvTv8yrK6b9MQ4ew==",
      "dev": true
    },
    "@boldreports/javascript-reporting-controls": {
      "version": "4.2.80",
      "resolved": "https://registry.npmjs.org/@boldreports/javascript-reporting-controls/-/javascript-reporting-controls-4.2.80.tgz",
      "integrity": "sha512-gc/aqVlbNkCAPbPd+lJJWXvPekAPRjlhn4ABrwW7IksUF0XJ2N5xfoVHE+0diS0WVjwRTxb98s1kJAxKdWlQRw==",
      "dev": true,
      "requires": {
        "@boldreports/global": "4.2.80",
        "jquery": "*",
        "jquery-validation": "*",
        "jsrender": "*"
      }
    },
    "@boldreports/types": {
      "version": "4.2.80",
      "resolved": "https://registry.npmjs.org/@boldreports/types/-/types-4.2.80.tgz",
      "integrity": "sha512-ntjyk5YqnJiDgF3HsezWwIyAHmIt7hUnHwpmWrAR1hECnfUWquNNsbSeSNHMSjV7m2/Pblnv94+h4GcSsQxZaw==",
      "dev": true,
      "requires": {
        "@types/jquery": "*"
      }
    },
    "@esri/arcgis-html-sanitizer": {
      "version": "3.0.1",
      "resolved": "https://registry.npmjs.org/@esri/arcgis-html-sanitizer/-/arcgis-html-sanitizer-3.0.1.tgz",
      "integrity": "sha512-cwZJwsYCJZwtBQU2AmaiIVFg5nZcVwInPYja1/OgC9iKYO+ytZRoc5h+0S9/ygbFNoS8Nd0RX9A85stLX/BgiA==",
      "requires": {
        "xss": "1.0.13"
      }
    },
    "@esri/calcite-colors": {
      "version": "6.0.1",
      "resolved": "https://registry.npmjs.org/@esri/calcite-colors/-/calcite-colors-6.0.1.tgz",
      "integrity": "sha512-iGUIIpeMCJSTDGw4ZsxLwwxkml0QzOUJTtysjRryGbhSt183NEtwWKS+yQO19utXQz5LbQWjoav6x6CsawElkw=="
    },
    "@esri/calcite-components": {
      "version": "1.0.0-beta.97",
      "resolved": "https://registry.npmjs.org/@esri/calcite-components/-/calcite-components-1.0.0-beta.97.tgz",
      "integrity": "sha512-pvuOQI01DCIr6kS+Jof/b5kLWRaDlYZStP8QUB5r4FYofHHST25iKlOS6525WD4S9xejthfb8S1PehTeMn5Wxg==",
      "requires": {
        "@a11y/focus-trap": "1.0.5",
        "@floating-ui/dom": "1.0.3",
        "@stencil/core": "2.18.1",
        "@types/color": "3.0.3",
        "color": "4.2.3",
        "form-request-submit-polyfill": "2.0.0",
        "lodash-es": "4.17.21",
        "sortablejs": "1.15.0"
      }
    },
    "@floating-ui/core": {
      "version": "1.1.1",
      "resolved": "https://registry.npmjs.org/@floating-ui/core/-/core-1.1.1.tgz",
      "integrity": "sha512-PL7g3dhA4dHgZfujkuD8Q+tfJJynEtnNQSPzmucCnxMvkxf4cLBJw/ZYqZUn4HCh33U3WHrAfv2R2tbi9UCSmw=="
    },
    "@floating-ui/dom": {
      "version": "1.0.3",
      "resolved": "https://registry.npmjs.org/@floating-ui/dom/-/dom-1.0.3.tgz",
      "integrity": "sha512-6H1kwjkOZKabApNtXRiYHvMmYJToJ1DV7rQ3xc/WJpOABhQIOJJOdz2AOejj8X+gcybaFmBpisVTZxBZAM3V0w==",
      "requires": {
        "@floating-ui/core": "^1.0.1"
      }
    },
    "@ngx-translate/core": {
      "version": "14.0.0",
      "resolved": "https://registry.npmjs.org/@ngx-translate/core/-/core-14.0.0.tgz",
      "integrity": "sha512-UevdwNCXMRCdJv//0kC8h2eSfmi02r29xeE8E9gJ1Al4D4jEJ7eiLPdjslTMc21oJNGguqqWeEVjf64SFtvw2w==",
      "requires": {
        "tslib": "^2.3.0"
      }
    },
    "@popperjs/core": {
      "version": "2.11.6",
      "resolved": "https://registry.npmjs.org/@popperjs/core/-/core-2.11.6.tgz",
      "integrity": "sha512-50/17A98tWUfQ176raKiOGXuYpLyyVMkxxG6oylzL3BPOlA6ADGdK7EYunSa4I064xerltq9TGXs8HmOk5E+vw=="
    },
    "@stencil/core": {
      "version": "2.18.1",
      "resolved": "https://registry.npmjs.org/@stencil/core/-/core-2.18.1.tgz",
      "integrity": "sha512-/fXkh1lwZ+X9JQCw50mPjhBogzEHOBvVC5pLoDLZqodVYK0DGWILM2YLV4dcIUBNEK8/HMDpO/Rq81/rS3mNOw=="
    },
    "@terraformer/arcgis": {
      "version": "2.1.2",
      "resolved": "https://registry.npmjs.org/@terraformer/arcgis/-/arcgis-2.1.2.tgz",
      "integrity": "sha512-IvdfqehcNAUtKU1OFMKwPT8EvdKlVFZ7q7ZKzkIF8XzYZIVsZLuXuOS1UBdRh5u/o+X5Gax7jiZhD8U/4TV+Jw==",
      "requires": {
        "@terraformer/common": "^2.1.2"
      }
    },
    "@terraformer/common": {
      "version": "2.1.2",
      "resolved": "https://registry.npmjs.org/@terraformer/common/-/common-2.1.2.tgz",
      "integrity": "sha512-cwPdTFzIpekZhZRrgDEkqLKNPoqbyCBQHiemaovnGIeUx0Pl336MY/eCxzJ5zXkrQLVo9zPalq/vYW5HnyKevQ=="
    },
    "@types/arcgis-js-api": {
      "version": "4.25.0",
      "resolved": "https://registry.npmjs.org/@types/arcgis-js-api/-/arcgis-js-api-4.25.0.tgz",
      "integrity": "sha512-bXm03oiGgT0GSqK3CN59Qr2v7lJlsDrwr6NuvM6oWk9gBN10YF6xB3fGvSuqOpgSMVPj7P3FQQToE5qswv2Veg==",
      "dev": true
    },
    "@types/color": {
      "version": "3.0.3",
      "resolved": "https://registry.npmjs.org/@types/color/-/color-3.0.3.tgz",
      "integrity": "sha512-X//qzJ3d3Zj82J9sC/C18ZY5f43utPbAJ6PhYt/M7uG6etcF6MRpKdN880KBy43B0BMzSfeT96MzrsNjFI3GbA==",
      "requires": {
        "@types/color-convert": "*"
      }
    },
    "@types/color-convert": {
      "version": "2.0.0",
      "resolved": "https://registry.npmjs.org/@types/color-convert/-/color-convert-2.0.0.tgz",
      "integrity": "sha512-m7GG7IKKGuJUXvkZ1qqG3ChccdIM/qBBo913z+Xft0nKCX4hAU/IxKwZBU4cpRZ7GS5kV4vOblUkILtSShCPXQ==",
      "requires": {
        "@types/color-name": "*"
      }
    },
    "@types/color-name": {
      "version": "1.1.1",
      "resolved": "https://registry.npmjs.org/@types/color-name/-/color-name-1.1.1.tgz",
      "integrity": "sha512-rr+OQyAjxze7GgWrSaJwydHStIhHq2lvY3BOC2Mj7KnzI7XK0Uw1TOOdI9lDoajEbSWLiYgoo4f1R51erQfhPQ=="
    },
    "@types/jquery": {
      "version": "3.5.16",
      "resolved": "https://registry.npmjs.org/@types/jquery/-/jquery-3.5.16.tgz",
      "integrity": "sha512-bsI7y4ZgeMkmpG9OM710RRzDFp+w4P1RGiIt30C1mSBT+ExCleeh4HObwgArnDFELmRrOpXgSYN9VF1hj+f1lw==",
      "dev": true,
      "requires": {
        "@types/sizzle": "*"
      }
    },
    "@types/sizzle": {
      "version": "2.3.3",
      "resolved": "https://registry.npmjs.org/@types/sizzle/-/sizzle-2.3.3.tgz",
      "integrity": "sha512-JYM8x9EGF163bEyhdJBpR2QX1R5naCJHC8ucJylJ3w9/CVBaskdQ8WqBf8MmQrd1kRvp/a4TS8HJ+bxzR7ZJYQ==",
      "dev": true
    },
    "arcgis-js-api": {
      "version": "4.25.5",
      "resolved": "https://registry.npmjs.org/arcgis-js-api/-/arcgis-js-api-4.25.5.tgz",
      "integrity": "sha512-l+pgTzjYFEywhjalknC/7Dd4WxSchc6JDQsepyoTF29A5s+tr4DFbvDXl7AdNpbRj+mQYaMyO2hd0ijG5+qfDw=="
    },
    "color": {
      "version": "4.2.3",
      "resolved": "https://registry.npmjs.org/color/-/color-4.2.3.tgz",
      "integrity": "sha512-1rXeuUUiGGrykh+CeBdu5Ie7OJwinCgQY0bc7GCRxy5xVHy+moaqkpL/jqQq0MtQOeYcrqEz4abc5f0KtU7W4A==",
      "requires": {
        "color-convert": "^2.0.1",
        "color-string": "^1.9.0"
      }
    },
    "color-convert": {
      "version": "2.0.1",
      "resolved": "https://registry.npmjs.org/color-convert/-/color-convert-2.0.1.tgz",
      "integrity": "sha512-RRECPsj7iu/xb5oKYcsFHSppFNnsj/52OVTRKb4zP5onXwVF3zVmmToNcOfGC+CRDpfK/U584fMg38ZHCaElKQ==",
      "requires": {
        "color-name": "~1.1.4"
      }
    },
    "color-name": {
      "version": "1.1.4",
      "resolved": "https://registry.npmjs.org/color-name/-/color-name-1.1.4.tgz",
      "integrity": "sha512-dOy+3AuW3a2wNbZHIuMZpTcgjGuLU/uBL/ubcZF9OXbDo8ff4O8yVp5Bf0efS8uEoYo5q4Fx7dY9OgQGXgAsQA=="
    },
    "color-string": {
      "version": "1.9.1",
      "resolved": "https://registry.npmjs.org/color-string/-/color-string-1.9.1.tgz",
      "integrity": "sha512-shrVawQFojnZv6xM40anx4CkoDP+fZsw/ZerEMsW/pyzsRbElpsL/DBVW7q3ExxwusdNXI3lXpuhEZkzs8p5Eg==",
      "requires": {
        "color-name": "^1.0.0",
        "simple-swizzle": "^0.2.2"
      }
    },
    "commander": {
      "version": "2.20.3",
      "resolved": "https://registry.npmjs.org/commander/-/commander-2.20.3.tgz",
      "integrity": "sha512-GpVkmM8vF2vQUkj2LvZmD35JxeJOLCwJ9cUkugyk2nuhbv3+mJvpLYYt+0+USMxE+oj+ey/lJEnhZw75x/OMcQ=="
    },
    "cssfilter": {
      "version": "0.0.10",
      "resolved": "https://registry.npmjs.org/cssfilter/-/cssfilter-0.0.10.tgz",
      "integrity": "sha512-FAaLDaplstoRsDR8XGYH51znUN0UY7nMc6Z9/fvE8EXGwvJE9hu7W2vHwx1+bd6gCYnln9nLbzxFTrcO9YQDZw=="
    },
    "esri-leaflet": {
      "version": "3.0.10",
      "resolved": "https://registry.npmjs.org/esri-leaflet/-/esri-leaflet-3.0.10.tgz",
      "integrity": "sha512-2ma+mMHrJA7oqJFHZDLZrCAMkaXTdFFJRsJqlsh3Z2G+nXKj2SrlzJ2YmN5qgnI9y/X5AkcSfxViBoQTX9rcSw==",
      "requires": {
        "@terraformer/arcgis": "^2.1.0",
        "tiny-binary-search": "^1.0.3"
      }
    },
    "focus-trap": {
      "version": "7.0.0",
      "resolved": "https://registry.npmjs.org/focus-trap/-/focus-trap-7.0.0.tgz",
      "integrity": "sha512-uT4Bl8TwU+5vVAx/DHil/1eVS54k9unqhK/vGy2KSh7esPmqgC0koAB9J2sJ+vtj8+vmiFyGk2unLkhNLQaxoA==",
      "requires": {
        "tabbable": "^6.0.0"
      }
    },
    "form-request-submit-polyfill": {
      "version": "2.0.0",
      "resolved": "https://registry.npmjs.org/form-request-submit-polyfill/-/form-request-submit-polyfill-2.0.0.tgz",
      "integrity": "sha512-p0+M92y2gFnP0AuuL8VJ0GYVzAT0bYp3GsSkmPFhvUopdnfDLP/9xplQTBBc4w8qOjKRzdK7GaFcdL9IhlXdTQ=="
    },
    "inherits": {
      "version": "2.0.4",
      "resolved": "https://registry.npmjs.org/inherits/-/inherits-2.0.4.tgz",
      "integrity": "sha512-k/vGaX4/Yla3WzyMCvTQOXYeIHvqOKtnqBduzTHpzpQZzAskKMhZ2K+EnBiSM9zGSoIFeMpXKxa4dYeZIQqewQ==",
      "dev": true
    },
    "is-arrayish": {
      "version": "0.3.2",
      "resolved": "https://registry.npmjs.org/is-arrayish/-/is-arrayish-0.3.2.tgz",
      "integrity": "sha512-eVRqCvVlZbuw3GrM63ovNSNAeA1K16kaR/LRY/92w0zxQ5/1YzwblUX652i4Xs9RwAGjW9d9y6X88t8OaAJfWQ=="
    },
    "jquery": {
      "version": "3.6.3",
      "resolved": "https://registry.npmjs.org/jquery/-/jquery-3.6.3.tgz",
      "integrity": "sha512-bZ5Sy3YzKo9Fyc8wH2iIQK4JImJ6R0GWI9kL1/k7Z91ZBNgkRXE6U0JfHIizZbort8ZunhSI3jw9I6253ahKfg==",
      "dev": true
    },
    "jquery-validation": {
      "version": "1.19.5",
      "resolved": "https://registry.npmjs.org/jquery-validation/-/jquery-validation-1.19.5.tgz",
      "integrity": "sha512-X2SmnPq1mRiDecVYL8edWx+yTBZDyC8ohWXFhXdtqFHgU9Wd4KHkvcbCoIZ0JaSaumzS8s2gXSkP8F7ivg/8ZQ==",
      "dev": true,
      "requires": {}
    },
    "jsrender": {
      "version": "1.0.12",
      "resolved": "https://registry.npmjs.org/jsrender/-/jsrender-1.0.12.tgz",
      "integrity": "sha512-YQ52tFsEglJTVJOqk/bYVc+aat0wQ2STsYpF7SD2CYHO4XekXRyjUvOVsZYQxqQl7n34v33l7t60WRsmSFaoiw==",
      "dev": true,
      "requires": {
        "through2": "^3.0.1"
      }
    },
    "leaflet": {
      "version": "1.9.3",
      "resolved": "https://registry.npmjs.org/leaflet/-/leaflet-1.9.3.tgz",
      "integrity": "sha512-iB2cR9vAkDOu5l3HAay2obcUHZ7xwUBBjph8+PGtmW/2lYhbLizWtG7nTeYht36WfOslixQF9D/uSIzhZgGMfQ==",
      "peer": true
    },
    "lodash-es": {
      "version": "4.17.21",
      "resolved": "https://registry.npmjs.org/lodash-es/-/lodash-es-4.17.21.tgz",
      "integrity": "sha512-mKnC+QJ9pWVzv+C4/U3rRsHapFfHvQFoFB92e52xeyGMcX6/OlIl78je1u8vePzYZSkkogMPJ2yjxxsb89cxyw=="
    },
    "luxon": {
      "version": "3.0.4",
      "resolved": "https://registry.npmjs.org/luxon/-/luxon-3.0.4.tgz",
      "integrity": "sha512-aV48rGUwP/Vydn8HT+5cdr26YYQiUZ42NM6ToMoaGKwYfWbfLeRkEu1wXWMHBZT6+KyLfcbbtVcoQFCbbPjKlw=="
    },
    "ngx-device-detector": {
      "version": "5.0.1",
      "resolved": "https://registry.npmjs.org/ngx-device-detector/-/ngx-device-detector-5.0.1.tgz",
      "integrity": "sha512-hVKaGzyXzy6zeliYyN7runz3eOOsh3tmZ8A6P5MSpHIjVjSx3pUJcobFTKNyHGn/zGS4JFWuhSSb7QmNwmqK9w==",
      "requires": {
        "tslib": "^2.0.0"
      }
    },
    "readable-stream": {
      "version": "3.6.1",
      "resolved": "https://registry.npmjs.org/readable-stream/-/readable-stream-3.6.1.tgz",
      "integrity": "sha512-+rQmrWMYGA90yenhTYsLWAsLsqVC8osOw6PKE1HDYiO0gdPeKe/xDHNzIAIn4C91YQ6oenEhfYqqc1883qHbjQ==",
      "dev": true,
      "requires": {
        "inherits": "^2.0.3",
        "string_decoder": "^1.1.1",
        "util-deprecate": "^1.0.1"
      }
    },
    "rxjs": {
      "version": "7.8.0",
      "resolved": "https://registry.npmjs.org/rxjs/-/rxjs-7.8.0.tgz",
      "integrity": "sha512-F2+gxDshqmIub1KdvZkaEfGDwLNpPvk9Fs6LD/MyQxNgMds/WH9OdDDXOmxUZpME+iSK3rQCctkL0DYyytUqMg==",
      "peer": true,
      "requires": {
        "tslib": "^2.1.0"
      }
    },
    "safe-buffer": {
      "version": "5.2.1",
      "resolved": "https://registry.npmjs.org/safe-buffer/-/safe-buffer-5.2.1.tgz",
      "integrity": "sha512-rp3So07KcdmmKbGvgaNxQSJr7bGVSVk5S9Eq1F+ppbRo70+YeaDxkw5Dd8NPN+GD6bjnYm2VuPuCXmpuYvmCXQ==",
      "dev": true
    },
    "simple-swizzle": {
      "version": "0.2.2",
      "resolved": "https://registry.npmjs.org/simple-swizzle/-/simple-swizzle-0.2.2.tgz",
      "integrity": "sha512-JA//kQgZtbuY83m+xT+tXJkmJncGMTFT+C+g2h2R9uxkYIrE2yy9sgmcLhCnw57/WSD+Eh3J97FPEDFnbXnDUg==",
      "requires": {
        "is-arrayish": "^0.3.1"
      }
    },
    "sortablejs": {
      "version": "1.15.0",
      "resolved": "https://registry.npmjs.org/sortablejs/-/sortablejs-1.15.0.tgz",
      "integrity": "sha512-bv9qgVMjUMf89wAvM6AxVvS/4MX3sPeN0+agqShejLU5z5GX4C75ow1O2e5k4L6XItUyAK3gH6AxSbXrOM5e8w=="
    },
    "string_decoder": {
      "version": "1.3.0",
      "resolved": "https://registry.npmjs.org/string_decoder/-/string_decoder-1.3.0.tgz",
      "integrity": "sha512-hkRX8U1WjJFd8LsDJ2yQ/wWWxaopEsABU1XfkM8A+j0+85JAGppt16cr1Whg6KIbb4okU6Mql6BOj+uup/wKeA==",
      "dev": true,
      "requires": {
        "safe-buffer": "~5.2.0"
      }
    },
    "tabbable": {
      "version": "6.0.1",
      "resolved": "https://registry.npmjs.org/tabbable/-/tabbable-6.0.1.tgz",
      "integrity": "sha512-SYJSIgeyXW7EuX1ytdneO5e8jip42oHWg9xl/o3oTYhmXusZVgiA+VlPvjIN+kHii9v90AmzTZEBcsEvuAY+TA=="
    },
    "through2": {
      "version": "3.0.2",
      "resolved": "https://registry.npmjs.org/through2/-/through2-3.0.2.tgz",
      "integrity": "sha512-enaDQ4MUyP2W6ZyT6EsMzqBPZaM/avg8iuo+l2d3QCs0J+6RaqkHV/2/lOwDTueBHeJ/2LG9lrLW3d5rWPucuQ==",
      "dev": true,
      "requires": {
        "inherits": "^2.0.4",
        "readable-stream": "2 || 3"
      }
    },
    "tiny-binary-search": {
      "version": "1.0.3",
      "resolved": "https://registry.npmjs.org/tiny-binary-search/-/tiny-binary-search-1.0.3.tgz",
      "integrity": "sha512-STSHX/L5nI9WTLv6wrzJbAPbO7OIISX83KFBh2GVbX1Uz/vgZOU/ANn/8iV6t35yMTpoPzzO+3OQid3mifE0CA=="
    },
    "tslib": {
      "version": "2.5.0",
      "resolved": "https://registry.npmjs.org/tslib/-/tslib-2.5.0.tgz",
      "integrity": "sha512-336iVw3rtn2BUK7ORdIAHTyxHGRIHVReokCR3XjbckJMK7ms8FysBfhLR8IXnAgy7T0PTPNBWKiH514FOW/WSg=="
    },
    "util-deprecate": {
      "version": "1.0.2",
      "resolved": "https://registry.npmjs.org/util-deprecate/-/util-deprecate-1.0.2.tgz",
      "integrity": "sha512-EPD5q1uXyFxJpCrLnCc1nHnq3gOa6DZBocAIiI2TaSCA7VCJ1UJDMagCzIkXNsUYfD1daK//LTEQ8xiIbrHtcw==",
      "dev": true
    },
    "xss": {
      "version": "1.0.13",
      "resolved": "https://registry.npmjs.org/xss/-/xss-1.0.13.tgz",
      "integrity": "sha512-clu7dxTm1e8Mo5fz3n/oW3UCXBfV89xZ72jM8yzo1vR/pIS0w3sgB3XV2H8Vm6zfGnHL0FzvLJPJEBhd86/z4Q==",
      "requires": {
        "commander": "^2.20.3",
        "cssfilter": "0.0.10"
      }
    },
    "zone.js": {
      "version": "0.12.0",
      "resolved": "https://registry.npmjs.org/zone.js/-/zone.js-0.12.0.tgz",
      "integrity": "sha512-XtC+I5dXU14HrzidAKBNMqneIVUykLEAA1x+v4KVrd6AUPWlwYORF8KgsVqvgdHiKZ4BkxxjvYi/ksEixTPR0Q==",
      "peer": true,
      "requires": {
        "tslib": "^2.3.0"
      }
    }
  }
}
