{
  "name": "WayleaveManagementSystem",
  "lockfileVersion": 2,
  "requires": true,
  "packages": {
    "": {
      "dependencies": {
        "arcgis-js-api": "^4.25.5"
      }
    },
    "node_modules/arcgis-js-api": {
      "version": "4.25.5",
      "resolved": "https://registry.npmjs.org/arcgis-js-api/-/arcgis-js-api-4.25.5.tgz",
      "integrity": "sha512-l+pgTzjYFEywhjalknC/7Dd4WxSchc6JDQsepyoTF29A5s+tr4DFbvDXl7AdNpbRj+mQYaMyO2hd0ijG5+qfDw=="
    }
  },
  "dependencies": {
    "arcgis-js-api": {
      "version": "4.25.5",
      "resolved": "https://registry.npmjs.org/arcgis-js-api/-/arcgis-js-api-4.25.5.tgz",
      "integrity": "sha512-l+pgTzjYFEywhjalknC/7Dd4WxSchc6JDQsepyoTF29A5s+tr4DFbvDXl7AdNpbRj+mQYaMyO2hd0ijG5+qfDw=="
    }
  }
}
